
Microsoft Visual Studio Solution File, Format Version 12.00
# Visual Studio Version 16
VisualStudioVersion = 16.0.29418.71
MinimumVisualStudioVersion = 10.0.40219.1
Project("{FAE04EC0-301F-11D3-BF4B-00C04F79EFBC}") = "mutation", "mutation\mutation.csproj", "{745CF46E-3A52-4AD8-B70C-101A66AD0347}"
EndProject
Global
	GlobalSection(SolutionConfigurationPlatforms) = preSolution
		Debug|Any CPU = Debug|Any CPU
		Release|Any CPU = Release|Any CPU
	EndGlobalSection
	GlobalSection(ProjectConfigurationPlatforms) = postSolution
		{745CF46E-3A52-4AD8-B70C-101A66AD0347}.Debug|Any CPU.ActiveCfg = Debug|Any CPU
		{745CF46E-3A52-4AD8-B70C-101A66AD0347}.Debug|Any CPU.Build.0 = Debug|Any CPU
		{745CF46E-3A52-4AD8-B70C-101A66AD0347}.Release|Any CPU.ActiveCfg = Release|Any CPU
		{745CF46E-3A52-4AD8-B70C-101A66AD0347}.Release|Any CPU.Build.0 = Release|Any CPU
	EndGlobalSection
	GlobalSection(SolutionProperties) = preSolution
		HideSolutionNode = FALSE
	EndGlobalSection
	GlobalSection(ExtensibilityGlobals) = postSolution
		SolutionGuid = {21986A40-F27D-45C3-9056-9782224978CC}
	EndGlobalSection
EndGlobal
